// !$*UTF8*$!
{
	archiveVersion = 1;
	classes = {
	};
	objectVersion = 55;
	objects = {

/* Begin PBXBuildFile section */
		20224F67288A9FB400D47E86 /* MyMemoApp.swift in Sources */ = {isa = PBXBuildFile; fileRef = 20224F66288A9FB400D47E86 /* MyMemoApp.swift */; };
		20224F69288A9FB400D47E86 /* ContentView.swift in Sources */ = {isa = PBXBuildFile; fileRef = 20224F68288A9FB400D47E86 /* ContentView.swift */; };
		20224F6B288A9FB600D47E86 /* Assets.xcassets in Resources */ = {isa = PBXBuildFile; fileRef = 20224F6A288A9FB600D47E86 /* Assets.xcassets */; };
		20224F6E288A9FB600D47E86 /* Preview Assets.xcassets in Resources */ = {isa = PBXBuildFile; fileRef = 20224F6D288A9FB600D47E86 /* Preview Assets.xcassets */; };
		20A64ADF2896807400245BE4 /* Memos.swift in Sources */ = {isa = PBXBuildFile; fileRef = 20A64ADE2896807400245BE4 /* Memos.swift */; };
		20A64AE1289680CF00245BE4 /* Memo.swift in Sources */ = {isa = PBXBuildFile; fileRef = 20A64AE0289680CF00245BE4 /* Memo.swift */; };
		20A64AE328969B5800245BE4 /* MemoIcon.swift in Sources */ = {isa = PBXBuildFile; fileRef = 20A64AE228969B5800245BE4 /* MemoIcon.swift */; };
		20ABA65D2899129100515426 /* SecondView.swift in Sources */ = {isa = PBXBuildFile; fileRef = 20ABA65C2899129100515426 /* SecondView.swift */; };
		20B7DB6728BE0EE600228449 /* BackButton.swift in Sources */ = {isa = PBXBuildFile; fileRef = 20B7DB6628BE0EE600228449 /* BackButton.swift */; };
		20C7FCDF28D17D73006E51D2 /* FileManagerExtension.swift in Sources */ = {isa = PBXBuildFile; fileRef = 20C7FCDE28D17D73006E51D2 /* FileManagerExtension.swift */; };
		20E22DA528C0B64000D465EC /* Order.swift in Sources */ = {isa = PBXBuildFile; fileRef = 20E22DA428C0B64000D465EC /* Order.swift */; };
		20E6C92328AF76FD006ED042 /* ImagePicker.swift in Sources */ = {isa = PBXBuildFile; fileRef = 20E6C92228AF76FD006ED042 /* ImagePicker.swift */; };
/* End PBXBuildFile section */

/* Begin PBXFileReference section */
		20224F63288A9FB400D47E86 /* MyMemo.app */ = {isa = PBXFileReference; explicitFileType = wrapper.application; includeInIndex = 0; path = MyMemo.app; sourceTree = BUILT_PRODUCTS_DIR; };
		20224F66288A9FB400D47E86 /* MyMemoApp.swift */ = {isa = PBXFileReference; lastKnownFileType = sourcecode.swift; path = MyMemoApp.swift; sourceTree = "<group>"; };
		20224F68288A9FB400D47E86 /* ContentView.swift */ = {isa = PBXFileReference; lastKnownFileType = sourcecode.swift; path = ContentView.swift; sourceTree = "<group>"; };
		20224F6A288A9FB600D47E86 /* Assets.xcassets */ = {isa = PBXFileReference; lastKnownFileType = folder.assetcatalog; path = Assets.xcassets; sourceTree = "<group>"; };
		20224F6D288A9FB600D47E86 /* Preview Assets.xcassets */ = {isa = PBXFileReference; lastKnownFileType = folder.assetcatalog; path = "Preview Assets.xcassets"; sourceTree = "<group>"; };
		20A64ADE2896807400245BE4 /* Memos.swift */ = {isa = PBXFileReference; lastKnownFileType = sourcecode.swift; path = Memos.swift; sourceTree = "<group>"; };
		20A64AE0289680CF00245BE4 /* Memo.swift */ = {isa = PBXFileReference; lastKnownFileType = sourcecode.swift; path = Memo.swift; sourceTree = "<group>"; };
		20A64AE228969B5800245BE4 /* MemoIcon.swift */ = {isa = PBXFileReference; lastKnownFileType = sourcecode.swift; path = MemoIcon.swift; sourceTree = "<group>"; };
		20ABA65C2899129100515426 /* SecondView.swift */ = {isa = PBXFileReference; lastKnownFileType = sourcecode.swift; path = SecondView.swift; sourceTree = "<group>"; };
		20B7DB6628BE0EE600228449 /* BackButton.swift */ = {isa = PBXFileReference; lastKnownFileType = sourcecode.swift; path = BackButton.swift; sourceTree = "<group>"; };
		20C7FCDE28D17D73006E51D2 /* FileManagerExtension.swift */ = {isa = PBXFileReference; lastKnownFileType = sourcecode.swift; path = FileManagerExtension.swift; sourceTree = "<group>"; };
		20E22DA428C0B64000D465EC /* Order.swift */ = {isa = PBXFileReference; lastKnownFileType = sourcecode.swift; path = Order.swift; sourceTree = "<group>"; };
		20E6C92228AF76FD006ED042 /* ImagePicker.swift */ = {isa = PBXFileReference; lastKnownFileType = sourcecode.swift; path = ImagePicker.swift; sourceTree = "<group>"; };
/* End PBXFileReference section */

/* Begin PBXFrameworksBuildPhase section */
		20224F60288A9FB400D47E86 /* Frameworks */ = {
			isa = PBXFrameworksBuildPhase;
			buildActionMask = 2147483647;
			files = (
			);
			runOnlyForDeploymentPostprocessing = 0;
		};
/* End PBXFrameworksBuildPhase section */

/* Begin PBXGroup section */
		20224F5A288A9FB400D47E86 = {
			isa = PBXGroup;
			children = (
				20224F65288A9FB400D47E86 /* MyMemo */,
				20224F64288A9FB400D47E86 /* Products */,
			);
			sourceTree = "<group>";
		};
		20224F64288A9FB400D47E86 /* Products */ = {
			isa = PBXGroup;
			children = (
				20224F63288A9FB400D47E86 /* MyMemo.app */,
			);
			name = Products;
			sourceTree = "<group>";
		};
		20224F65288A9FB400D47E86 /* MyMemo */ = {
			isa = PBXGroup;
			children = (
				20224F66288A9FB400D47E86 /* MyMemoApp.swift */,
				20224F68288A9FB400D47E86 /* ContentView.swift */,
				20ABA65C2899129100515426 /* SecondView.swift */,
				20A64ADE2896807400245BE4 /* Memos.swift */,
				20A64AE0289680CF00245BE4 /* Memo.swift */,
				20E22DA428C0B64000D465EC /* Order.swift */,
				20A64AE228969B5800245BE4 /* MemoIcon.swift */,
				20B7DB6628BE0EE600228449 /* BackButton.swift */,
				20E6C92228AF76FD006ED042 /* ImagePicker.swift */,
				20C7FCDE28D17D73006E51D2 /* FileManagerExtension.swift */,
				20224F6A288A9FB600D47E86 /* Assets.xcassets */,
				20224F6C288A9FB600D47E86 /* Preview Content */,
			);
			path = MyMemo;
			sourceTree = "<group>";
		};
		20224F6C288A9FB600D47E86 /* Preview Content */ = {
			isa = PBXGroup;
			children = (
				20224F6D288A9FB600D47E86 /* Preview Assets.xcassets */,
			);
			path = "Preview Content";
			sourceTree = "<group>";
		};
/* End PBXGroup section */

/* Begin PBXNativeTarget section */
		20224F62288A9FB400D47E86 /* MyMemo */ = {
			isa = PBXNativeTarget;
			buildConfigurationList = 20224F71288A9FB600D47E86 /* Build configuration list for PBXNativeTarget "MyMemo" */;
			buildPhases = (
				20224F5F288A9FB400D47E86 /* Sources */,
				20224F60288A9FB400D47E86 /* Frameworks */,
				20224F61288A9FB400D47E86 /* Resources */,
			);
			buildRules = (
			);
			dependencies = (
			);
			name = MyMemo;
			productName = MyMemo;
			productReference = 20224F63288A9FB400D47E86 /* MyMemo.app */;
			productType = "com.apple.product-type.application";
		};
/* End PBXNativeTarget section */

/* Begin PBXProject section */
		20224F5B288A9FB400D47E86 /* Project object */ = {
			isa = PBXProject;
			attributes = {
				BuildIndependentTargetsInParallel = 1;
				LastSwiftUpdateCheck = 1330;
				LastUpgradeCheck = 1330;
				TargetAttributes = {
					20224F62288A9FB400D47E86 = {
						CreatedOnToolsVersion = 13.3.1;
					};
				};
			};
			buildConfigurationList = 20224F5E288A9FB400D47E86 /* Build configuration list for PBXProject "MyMemo" */;
			compatibilityVersion = "Xcode 13.0";
			developmentRegion = en;
			hasScannedForEncodings = 0;
			knownRegions = (
				en,
				Base,
			);
			mainGroup = 20224F5A288A9FB400D47E86;
			productRefGroup = 20224F64288A9FB400D47E86 /* Products */;
			projectDirPath = "";
			projectRoot = "";
			targets = (
				20224F62288A9FB400D47E86 /* MyMemo */,
			);
		};
/* End PBXProject section */

/* Begin PBXResourcesBuildPhase section */
		20224F61288A9FB400D47E86 /* Resources */ = {
			isa = PBXResourcesBuildPhase;
			buildActionMask = 2147483647;
			files = (
				20224F6E288A9FB600D47E86 /* Preview Assets.xcassets in Resources */,
				20224F6B288A9FB600D47E86 /* Assets.xcassets in Resources */,
			);
			runOnlyForDeploymentPostprocessing = 0;
		};
/* End PBXResourcesBuildPhase section */

/* Begin PBXSourcesBuildPhase section */
		20224F5F288A9FB400D47E86 /* Sources */ = {
			isa = PBXSourcesBuildPhase;
			buildActionMask = 2147483647;
			files = (
				20B7DB6728BE0EE600228449 /* BackButton.swift in Sources */,
				20A64AE328969B5800245BE4 /* MemoIcon.swift in Sources */,
				20A64ADF2896807400245BE4 /* Memos.swift in Sources */,
				20C7FCDF28D17D73006E51D2 /* FileManagerExtension.swift in Sources */,
				20E22DA528C0B64000D465EC /* Order.swift in Sources */,
				20224F69288A9FB400D47E86 /* ContentView.swift in Sources */,
				20E6C92328AF76FD006ED042 /* ImagePicker.swift in Sources */,
				20ABA65D2899129100515426 /* SecondView.swift in Sources */,
				20224F67288A9FB400D47E86 /* MyMemoApp.swift in Sources */,
				20A64AE1289680CF00245BE4 /* Memo.swift in Sources */,
			);
			runOnlyForDeploymentPostprocessing = 0;
		};
/* End PBXSourcesBuildPhase section */

/* Begin XCBuildConfiguration section */
		20224F6F288A9FB600D47E86 /* Debug */ = {
			isa = XCBuildConfiguration;
			buildSettings = {
				ALWAYS_SEARCH_USER_PATHS = NO;
				CLANG_ANALYZER_NONNULL = YES;
				CLANG_ANALYZER_NUMBER_OBJECT_CONVERSION = YES_AGGRESSIVE;
				CLANG_CXX_LANGUAGE_STANDARD = "gnu++17";
				CLANG_ENABLE_MODULES = YES;
				CLANG_ENABLE_OBJC_ARC = YES;
				CLANG_ENABLE_OBJC_WEAK = YES;
				CLANG_WARN_BLOCK_CAPTURE_AUTORELEASING = YES;
				CLANG_WARN_BOOL_CONVERSION = YES;
				CLANG_WARN_COMMA = YES;
				CLANG_WARN_CONSTANT_CONVERSION = YES;
				CLANG_WARN_DEPRECATED_OBJC_IMPLEMENTATIONS = YES;
				CLANG_WARN_DIRECT_OBJC_ISA_USAGE = YES_ERROR;
				CLANG_WARN_DOCUMENTATION_COMMENTS = YES;
				CLANG_WARN_EMPTY_BODY = YES;
				CLANG_WARN_ENUM_CONVERSION = YES;
				CLANG_WARN_INFINITE_RECURSION = YES;
				CLANG_WARN_INT_CONVERSION = YES;
				CLANG_WARN_NON_LITERAL_NULL_CONVERSION = YES;
				CLANG_WARN_OBJC_IMPLICIT_RETAIN_SELF = YES;
				CLANG_WARN_OBJC_LITERAL_CONVERSION = YES;
				CLANG_WARN_OBJC_ROOT_CLASS = YES_ERROR;
				CLANG_WARN_QUOTED_INCLUDE_IN_FRAMEWORK_HEADER = YES;
				CLANG_WARN_RANGE_LOOP_ANALYSIS = YES;
				CLANG_WARN_STRICT_PROTOTYPES = YES;
				CLANG_WARN_SUSPICIOUS_MOVE = YES;
				CLANG_WARN_UNGUARDED_AVAILABILITY = YES_AGGRESSIVE;
				CLANG_WARN_UNREACHABLE_CODE = YES;
				CLANG_WARN__DUPLICATE_METHOD_MATCH = YES;
				COPY_PHASE_STRIP = NO;
				DEBUG_INFORMATION_FORMAT = dwarf;
				ENABLE_STRICT_OBJC_MSGSEND = YES;
				ENABLE_TESTABILITY = YES;
				GCC_C_LANGUAGE_STANDARD = gnu11;
				GCC_DYNAMIC_NO_PIC = NO;
				GCC_NO_COMMON_BLOCKS = YES;
				GCC_OPTIMIZATION_LEVEL = 0;
				GCC_PREPROCESSOR_DEFINITIONS = (
					"DEBUG=1",
					"$(inherited)",
				);
				GCC_WARN_64_TO_32_BIT_CONVERSION = YES;
				GCC_WARN_ABOUT_RETURN_TYPE = YES_ERROR;
				GCC_WARN_UNDECLARED_SELECTOR = YES;
				GCC_WARN_UNINITIALIZED_AUTOS = YES_AGGRESSIVE;
				GCC_WARN_UNUSED_FUNCTION = YES;
				GCC_WARN_UNUSED_VARIABLE = YES;
				IPHONEOS_DEPLOYMENT_TARGET = 15.4;
				MTL_ENABLE_DEBUG_INFO = INCLUDE_SOURCE;
				MTL_FAST_MATH = YES;
				ONLY_ACTIVE_ARCH = YES;
				SDKROOT = iphoneos;
				SWIFT_ACTIVE_COMPILATION_CONDITIONS = DEBUG;
				SWIFT_OPTIMIZATION_LEVEL = "-Onone";
			};
			name = Debug;
		};
		20224F70288A9FB600D47E86 /* Release */ = {
			isa = XCBuildConfiguration;
			buildSettings = {
				ALWAYS_SEARCH_USER_PATHS = NO;
				CLANG_ANALYZER_NONNULL = YES;
				CLANG_ANALYZER_NUMBER_OBJECT_CONVERSION = YES_AGGRESSIVE;
				CLANG_CXX_LANGUAGE_STANDARD = "gnu++17";
				CLANG_ENABLE_MODULES = YES;
				CLANG_ENABLE_OBJC_ARC = YES;
				CLANG_ENABLE_OBJC_WEAK = YES;
				CLANG_WARN_BLOCK_CAPTURE_AUTORELEASING = YES;
				CLANG_WARN_BOOL_CONVERSION = YES;
				CLANG_WARN_COMMA = YES;
				CLANG_WARN_CONSTANT_CONVERSION = YES;
				CLANG_WARN_DEPRECATED_OBJC_IMPLEMENTATIONS = YES;
				CLANG_WARN_DIRECT_OBJC_ISA_USAGE = YES_ERROR;
				CLANG_WARN_DOCUMENTATION_COMMENTS = YES;
				CLANG_WARN_EMPTY_BODY = YES;
				CLANG_WARN_ENUM_CONVERSION = YES;
				CLANG_WARN_INFINITE_RECURSION = YES;
				CLANG_WARN_INT_CONVERSION = YES;
				CLANG_WARN_NON_LITERAL_NULL_CONVERSION = YES;
				CLANG_WARN_OBJC_IMPLICIT_RETAIN_SELF = YES;
				CLANG_WARN_OBJC_LITERAL_CONVERSION = YES;
				CLANG_WARN_OBJC_ROOT_CLASS = YES_ERROR;
				CLANG_WARN_QUOTED_INCLUDE_IN_FRAMEWORK_HEADER = YES;
				CLANG_WARN_RANGE_LOOP_ANALYSIS = YES;
				CLANG_WARN_STRICT_PROTOTYPES = YES;
				CLANG_WARN_SUSPICIOUS_MOVE = YES;
				CLANG_WARN_UNGUARDED_AVAILABILITY = YES_AGGRESSIVE;
				CLANG_WARN_UNREACHABLE_CODE = YES;
				CLANG_WARN__DUPLICATE_METHOD_MATCH = YES;
				COPY_PHASE_STRIP = NO;
				DEBUG_INFORMATION_FORMAT = "dwarf-with-dsym";
				ENABLE_NS_ASSERTIONS = NO;
				ENABLE_STRICT_OBJC_MSGSEND = YES;
				GCC_C_LANGUAGE_STANDARD = gnu11;
				GCC_NO_COMMON_BLOCKS = YES;
				GCC_WARN_64_TO_32_BIT_CONVERSION = YES;
				GCC_WARN_ABOUT_RETURN_TYPE = YES_ERROR;
				GCC_WARN_UNDECLARED_SELECTOR = YES;
				GCC_WARN_UNINITIALIZED_AUTOS = YES_AGGRESSIVE;
				GCC_WARN_UNUSED_FUNCTION = YES;
				GCC_WARN_UNUSED_VARIABLE = YES;
				IPHONEOS_DEPLOYMENT_TARGET = 15.4;
				MTL_ENABLE_DEBUG_INFO = NO;
				MTL_FAST_MATH = YES;
				SDKROOT = iphoneos;
				SWIFT_COMPILATION_MODE = wholemodule;
				SWIFT_OPTIMIZATION_LEVEL = "-O";
				VALIDATE_PRODUCT = YES;
			};
			name = Release;
		};
		20224F72288A9FB600D47E86 /* Debug */ = {
			isa = XCBuildConfiguration;
			buildSettings = {
				ASSETCATALOG_COMPILER_APPICON_NAME = AppIcon;
				ASSETCATALOG_COMPILER_GLOBAL_ACCENT_COLOR_NAME = AccentColor;
				CODE_SIGN_STYLE = Automatic;
				CURRENT_PROJECT_VERSION = 1;
				DEVELOPMENT_ASSET_PATHS = "\"MyMemo/Preview Content\"";
				DEVELOPMENT_TEAM = N347DG8BMP;
				ENABLE_PREVIEWS = YES;
				GENERATE_INFOPLIST_FILE = YES;
				INFOPLIST_KEY_UIApplicationSceneManifest_Generation = YES;
				INFOPLIST_KEY_UIApplicationSupportsIndirectInputEvents = YES;
				INFOPLIST_KEY_UILaunchScreen_Generation = YES;
				INFOPLIST_KEY_UISupportedInterfaceOrientations_iPad = "UIInterfaceOrientationPortrait UIInterfaceOrientationPortraitUpsideDown UIInterfaceOrientationLandscapeLeft UIInterfaceOrientationLandscapeRight";
				INFOPLIST_KEY_UISupportedInterfaceOrientations_iPhone = "UIInterfaceOrientationPortrait UIInterfaceOrientationLandscapeLeft UIInterfaceOrientationLandscapeRight";
				LD_RUNPATH_SEARCH_PATHS = (
					"$(inherited)",
					"@executable_path/Frameworks",
				);
				MARKETING_VERSION = 1.0;
				PRODUCT_BUNDLE_IDENTIFIER = com.wezen.MyMemo;
				PRODUCT_NAME = "$(TARGET_NAME)";
				SWIFT_EMIT_LOC_STRINGS = YES;
				SWIFT_VERSION = 5.0;
				TARGETED_DEVICE_FAMILY = "1,2";
			};
			name = Debug;
		};
		20224F73288A9FB600D47E86 /* Release */ = {
			isa = XCBuildConfiguration;
			buildSettings = {
				ASSETCATALOG_COMPILER_APPICON_NAME = AppIcon;
				ASSETCATALOG_COMPILER_GLOBAL_ACCENT_COLOR_NAME = AccentColor;
				CODE_SIGN_STYLE = Automatic;
				CURRENT_PROJECT_VERSION = 1;
				DEVELOPMENT_ASSET_PATHS = "\"MyMemo/Preview Content\"";
				DEVELOPMENT_TEAM = N347DG8BMP;
				ENABLE_PREVIEWS = YES;
				GENERATE_INFOPLIST_FILE = YES;
				INFOPLIST_KEY_UIApplicationSceneManifest_Generation = YES;
				INFOPLIST_KEY_UIApplicationSupportsIndirectInputEvents = YES;
				INFOPLIST_KEY_UILaunchScreen_Generation = YES;
				INFOPLIST_KEY_UISupportedInterfaceOrientations_iPad = "UIInterfaceOrientationPortrait UIInterfaceOrientationPortraitUpsideDown UIInterfaceOrientationLandscapeLeft UIInterfaceOrientationLandscapeRight";
				INFOPLIST_KEY_UISupportedInterfaceOrientations_iPhone = "UIInterfaceOrientationPortrait UIInterfaceOrientationLandscapeLeft UIInterfaceOrientationLandscapeRight";
				LD_RUNPATH_SEARCH_PATHS = (
					"$(inherited)",
					"@executable_path/Frameworks",
				);
				MARKETING_VERSION = 1.0;
				PRODUCT_BUNDLE_IDENTIFIER = com.wezen.MyMemo;
				PRODUCT_NAME = "$(TARGET_NAME)";
				SWIFT_EMIT_LOC_STRINGS = YES;
				SWIFT_VERSION = 5.0;
				TARGETED_DEVICE_FAMILY = "1,2";
			};
			name = Release;
		};
/* End XCBuildConfiguration section */

/* Begin XCConfigurationList section */
		20224F5E288A9FB400D47E86 /* Build configuration list for PBXProject "MyMemo" */ = {
			isa = XCConfigurationList;
			buildConfigurations = (
				20224F6F288A9FB600D47E86 /* Debug */,
				20224F70288A9FB600D47E86 /* Release */,
			);
			defaultConfigurationIsVisible = 0;
			defaultConfigurationName = Release;
		};
		20224F71288A9FB600D47E86 /* Build configuration list for PBXNativeTarget "MyMemo" */ = {
			isa = XCConfigurationList;
			buildConfigurations = (
				20224F72288A9FB600D47E86 /* Debug */,
				20224F73288A9FB600D47E86 /* Release */,
			);
			defaultConfigurationIsVisible = 0;
			defaultConfigurationName = Release;
		};
/* End XCConfigurationList section */
	};
	rootObject = 20224F5B288A9FB400D47E86 /* Project object */;
}
